// !$*UTF8*$!
{
	archiveVersion = 1;
	classes = {
	};
	objectVersion = 50;
	objects = {

/* Begin PBXBuildFile section */
		E2A7B800255FE99E0071C0DA /* ArrayList.c in Sources */ = {isa = PBXBuildFile; fileRef = E2B3E0B5255ECF82006D28DC /* ArrayList.c */; };
		E2A96A1D2566439800FFE7BD /* StackUsingArray.c in Sources */ = {isa = PBXBuildFile; fileRef = E2A96A1C2566439800FFE7BD /* StackUsingArray.c */; };
		E2A96A2C256643D100FFE7BD /* SinglyLinkedList.c in Sources */ = {isa = PBXBuildFile; fileRef = E2ADD36E256014AF00A2602A /* SinglyLinkedList.c */; };
/* End PBXBuildFile section */

/* Begin PBXCopyFilesBuildPhase section */
		E2A7B7F5255FE9950071C0DA /* CopyFiles */ = {
			isa = PBXCopyFilesBuildPhase;
			buildActionMask = 2147483647;
			dstPath = /usr/share/man/man1/;
			dstSubfolderSpec = 0;
			files = (
			);
			runOnlyForDeploymentPostprocessing = 1;
		};
		E2A96A0A2566438E00FFE7BD /* CopyFiles */ = {
			isa = PBXCopyFilesBuildPhase;
			buildActionMask = 2147483647;
			dstPath = /usr/share/man/man1/;
			dstSubfolderSpec = 0;
			files = (
			);
			runOnlyForDeploymentPostprocessing = 1;
		};
		E2A96A182566439800FFE7BD /* CopyFiles */ = {
			isa = PBXCopyFilesBuildPhase;
			buildActionMask = 2147483647;
			dstPath = /usr/share/man/man1/;
			dstSubfolderSpec = 0;
			files = (
			);
			runOnlyForDeploymentPostprocessing = 1;
		};
/* End PBXCopyFilesBuildPhase section */

/* Begin PBXFileReference section */
		E2A7B7F7255FE9950071C0DA /* ArrayList */ = {isa = PBXFileReference; explicitFileType = "compiled.mach-o.executable"; includeInIndex = 0; path = ArrayList; sourceTree = BUILT_PRODUCTS_DIR; };
		E2A96A0C2566438E00FFE7BD /* SinglyLinkedList */ = {isa = PBXFileReference; explicitFileType = "compiled.mach-o.executable"; includeInIndex = 0; path = SinglyLinkedList; sourceTree = BUILT_PRODUCTS_DIR; };
		E2A96A1A2566439800FFE7BD /* StackUsingArray */ = {isa = PBXFileReference; explicitFileType = "compiled.mach-o.executable"; includeInIndex = 0; path = StackUsingArray; sourceTree = BUILT_PRODUCTS_DIR; };
		E2A96A1C2566439800FFE7BD /* StackUsingArray.c */ = {isa = PBXFileReference; lastKnownFileType = sourcecode.c.c; path = StackUsingArray.c; sourceTree = "<group>"; };
		E2ADD36E256014AF00A2602A /* SinglyLinkedList.c */ = {isa = PBXFileReference; lastKnownFileType = sourcecode.c.c; path = SinglyLinkedList.c; sourceTree = "<group>"; };
		E2B3E0B5255ECF82006D28DC /* ArrayList.c */ = {isa = PBXFileReference; lastKnownFileType = sourcecode.c.c; path = ArrayList.c; sourceTree = "<group>"; };
/* End PBXFileReference section */

/* Begin PBXFrameworksBuildPhase section */
		E2A7B7F4255FE9950071C0DA /* Frameworks */ = {
			isa = PBXFrameworksBuildPhase;
			buildActionMask = 2147483647;
			files = (
			);
			runOnlyForDeploymentPostprocessing = 0;
		};
		E2A96A092566438E00FFE7BD /* Frameworks */ = {
			isa = PBXFrameworksBuildPhase;
			buildActionMask = 2147483647;
			files = (
			);
			runOnlyForDeploymentPostprocessing = 0;
		};
		E2A96A172566439800FFE7BD /* Frameworks */ = {
			isa = PBXFrameworksBuildPhase;
			buildActionMask = 2147483647;
			files = (
			);
			runOnlyForDeploymentPostprocessing = 0;
		};
/* End PBXFrameworksBuildPhase section */

/* Begin PBXGroup section */
		E24A313B255B80980082D93C /* LinkedList */ = {
			isa = PBXGroup;
			children = (
				E2ADD36E256014AF00A2602A /* SinglyLinkedList.c */,
			);
			path = LinkedList;
			sourceTree = "<group>";
		};
		E2976C39255AAE20002FC84C = {
			isa = PBXGroup;
			children = (
				E24A313B255B80980082D93C /* LinkedList */,
				E2976C4D255AAE69002FC84C /* ArrayList */,
				E2A96A1B2566439800FFE7BD /* Stack */,
				E2976C43255AAE20002FC84C /* Products */,
			);
			sourceTree = "<group>";
		};
		E2976C43255AAE20002FC84C /* Products */ = {
			isa = PBXGroup;
			children = (
				E2A7B7F7255FE9950071C0DA /* ArrayList */,
				E2A96A0C2566438E00FFE7BD /* SinglyLinkedList */,
				E2A96A1A2566439800FFE7BD /* StackUsingArray */,
			);
			name = Products;
			sourceTree = "<group>";
		};
		E2976C4D255AAE69002FC84C /* ArrayList */ = {
			isa = PBXGroup;
			children = (
				E2B3E0B5255ECF82006D28DC /* ArrayList.c */,
			);
			path = ArrayList;
			sourceTree = "<group>";
		};
		E2A96A1B2566439800FFE7BD /* Stack */ = {
			isa = PBXGroup;
			children = (
				E2A96A1C2566439800FFE7BD /* StackUsingArray.c */,
			);
			path = Stack;
			sourceTree = "<group>";
		};
/* End PBXGroup section */

/* Begin PBXNativeTarget section */
		E2A7B7F6255FE9950071C0DA /* ArrayList */ = {
			isa = PBXNativeTarget;
			buildConfigurationList = E2A7B7FD255FE9950071C0DA /* Build configuration list for PBXNativeTarget "ArrayList" */;
			buildPhases = (
				E2A7B7F3255FE9950071C0DA /* Sources */,
				E2A7B7F4255FE9950071C0DA /* Frameworks */,
				E2A7B7F5255FE9950071C0DA /* CopyFiles */,
			);
			buildRules = (
			);
			dependencies = (
			);
			name = ArrayList;
			productName = ArrayList;
			productReference = E2A7B7F7255FE9950071C0DA /* ArrayList */;
			productType = "com.apple.product-type.tool";
		};
		E2A96A0B2566438E00FFE7BD /* SinglyLinkedList */ = {
			isa = PBXNativeTarget;
			buildConfigurationList = E2A96A102566438E00FFE7BD /* Build configuration list for PBXNativeTarget "SinglyLinkedList" */;
			buildPhases = (
				E2A96A082566438E00FFE7BD /* Sources */,
				E2A96A092566438E00FFE7BD /* Frameworks */,
				E2A96A0A2566438E00FFE7BD /* CopyFiles */,
			);
			buildRules = (
			);
			dependencies = (
			);
			name = SinglyLinkedList;
			productName = SinglyLinkedList;
			productReference = E2A96A0C2566438E00FFE7BD /* SinglyLinkedList */;
			productType = "com.apple.product-type.tool";
		};
		E2A96A192566439800FFE7BD /* StackUsingArray */ = {
			isa = PBXNativeTarget;
			buildConfigurationList = E2A96A1E2566439800FFE7BD /* Build configuration list for PBXNativeTarget "StackUsingArray" */;
			buildPhases = (
				E2A96A162566439800FFE7BD /* Sources */,
				E2A96A172566439800FFE7BD /* Frameworks */,
				E2A96A182566439800FFE7BD /* CopyFiles */,
			);
			buildRules = (
			);
			dependencies = (
			);
			name = StackUsingArray;
			productName = StackUsingArray;
			productReference = E2A96A1A2566439800FFE7BD /* StackUsingArray */;
			productType = "com.apple.product-type.tool";
		};
/* End PBXNativeTarget section */

/* Begin PBXProject section */
		E2976C3A255AAE20002FC84C /* Project object */ = {
			isa = PBXProject;
			attributes = {
				LastUpgradeCheck = 1210;
				TargetAttributes = {
					E2A7B7F6255FE9950071C0DA = {
						CreatedOnToolsVersion = 12.1;
					};
					E2A96A0B2566438E00FFE7BD = {
						CreatedOnToolsVersion = 12.2;
					};
					E2A96A192566439800FFE7BD = {
						CreatedOnToolsVersion = 12.2;
					};
				};
			};
			buildConfigurationList = E2976C3D255AAE20002FC84C /* Build configuration list for PBXProject "C" */;
			compatibilityVersion = "Xcode 9.3";
			developmentRegion = en;
			hasScannedForEncodings = 0;
			knownRegions = (
				en,
				Base,
			);
			mainGroup = E2976C39255AAE20002FC84C;
			productRefGroup = E2976C43255AAE20002FC84C /* Products */;
			projectDirPath = "";
			projectRoot = "";
			targets = (
				E2A7B7F6255FE9950071C0DA /* ArrayList */,
				E2A96A0B2566438E00FFE7BD /* SinglyLinkedList */,
				E2A96A192566439800FFE7BD /* StackUsingArray */,
			);
		};
/* End PBXProject section */

/* Begin PBXSourcesBuildPhase section */
		E2A7B7F3255FE9950071C0DA /* Sources */ = {
			isa = PBXSourcesBuildPhase;
			buildActionMask = 2147483647;
			files = (
				E2A7B800255FE99E0071C0DA /* ArrayList.c in Sources */,
			);
			runOnlyForDeploymentPostprocessing = 0;
		};
		E2A96A082566438E00FFE7BD /* Sources */ = {
			isa = PBXSourcesBuildPhase;
			buildActionMask = 2147483647;
			files = (
				E2A96A2C256643D100FFE7BD /* SinglyLinkedList.c in Sources */,
			);
			runOnlyForDeploymentPostprocessing = 0;
		};
		E2A96A162566439800FFE7BD /* Sources */ = {
			isa = PBXSourcesBuildPhase;
			buildActionMask = 2147483647;
			files = (
				E2A96A1D2566439800FFE7BD /* StackUsingArray.c in Sources */,
			);
			runOnlyForDeploymentPostprocessing = 0;
		};
/* End PBXSourcesBuildPhase section */

/* Begin XCBuildConfiguration section */
		E2976C47255AAE20002FC84C /* Debug */ = {
			isa = XCBuildConfiguration;
			buildSettings = {
				ALWAYS_SEARCH_USER_PATHS = NO;
				CLANG_ANALYZER_NONNULL = YES;
				CLANG_ANALYZER_NUMBER_OBJECT_CONVERSION = YES_AGGRESSIVE;
				CLANG_CXX_LANGUAGE_STANDARD = "gnu++14";
				CLANG_CXX_LIBRARY = "libc++";
				CLANG_ENABLE_MODULES = YES;
				CLANG_ENABLE_OBJC_ARC = YES;
				CLANG_ENABLE_OBJC_WEAK = YES;
				CLANG_WARN_BLOCK_CAPTURE_AUTORELEASING = YES;
				CLANG_WARN_BOOL_CONVERSION = YES;
				CLANG_WARN_COMMA = YES;
				CLANG_WARN_CONSTANT_CONVERSION = YES;
				CLANG_WARN_DEPRECATED_OBJC_IMPLEMENTATIONS = YES;
				CLANG_WARN_DIRECT_OBJC_ISA_USAGE = YES_ERROR;
				CLANG_WARN_DOCUMENTATION_COMMENTS = YES;
				CLANG_WARN_EMPTY_BODY = YES;
				CLANG_WARN_ENUM_CONVERSION = YES;
				CLANG_WARN_INFINITE_RECURSION = YES;
				CLANG_WARN_INT_CONVERSION = YES;
				CLANG_WARN_NON_LITERAL_NULL_CONVERSION = YES;
				CLANG_WARN_OBJC_IMPLICIT_RETAIN_SELF = YES;
				CLANG_WARN_OBJC_LITERAL_CONVERSION = YES;
				CLANG_WARN_OBJC_ROOT_CLASS = YES_ERROR;
				CLANG_WARN_QUOTED_INCLUDE_IN_FRAMEWORK_HEADER = YES;
				CLANG_WARN_RANGE_LOOP_ANALYSIS = YES;
				CLANG_WARN_STRICT_PROTOTYPES = YES;
				CLANG_WARN_SUSPICIOUS_MOVE = YES;
				CLANG_WARN_UNGUARDED_AVAILABILITY = YES_AGGRESSIVE;
				CLANG_WARN_UNREACHABLE_CODE = YES;
				CLANG_WARN__DUPLICATE_METHOD_MATCH = YES;
				COPY_PHASE_STRIP = NO;
				DEBUG_INFORMATION_FORMAT = dwarf;
				ENABLE_STRICT_OBJC_MSGSEND = YES;
				ENABLE_TESTABILITY = YES;
				GCC_C_LANGUAGE_STANDARD = gnu11;
				GCC_DYNAMIC_NO_PIC = NO;
				GCC_NO_COMMON_BLOCKS = YES;
				GCC_OPTIMIZATION_LEVEL = 0;
				GCC_PREPROCESSOR_DEFINITIONS = (
					"DEBUG=1",
					"$(inherited)",
				);
				GCC_WARN_64_TO_32_BIT_CONVERSION = YES;
				GCC_WARN_ABOUT_RETURN_TYPE = YES_ERROR;
				GCC_WARN_UNDECLARED_SELECTOR = YES;
				GCC_WARN_UNINITIALIZED_AUTOS = YES_AGGRESSIVE;
				GCC_WARN_UNUSED_FUNCTION = YES;
				GCC_WARN_UNUSED_VARIABLE = YES;
				MACOSX_DEPLOYMENT_TARGET = 10.15;
				MTL_ENABLE_DEBUG_INFO = INCLUDE_SOURCE;
				MTL_FAST_MATH = YES;
				ONLY_ACTIVE_ARCH = YES;
				SDKROOT = macosx;
			};
			name = Debug;
		};
		E2976C48255AAE20002FC84C /* Release */ = {
			isa = XCBuildConfiguration;
			buildSettings = {
				ALWAYS_SEARCH_USER_PATHS = NO;
				CLANG_ANALYZER_NONNULL = YES;
				CLANG_ANALYZER_NUMBER_OBJECT_CONVERSION = YES_AGGRESSIVE;
				CLANG_CXX_LANGUAGE_STANDARD = "gnu++14";
				CLANG_CXX_LIBRARY = "libc++";
				CLANG_ENABLE_MODULES = YES;
				CLANG_ENABLE_OBJC_ARC = YES;
				CLANG_ENABLE_OBJC_WEAK = YES;
				CLANG_WARN_BLOCK_CAPTURE_AUTORELEASING = YES;
				CLANG_WARN_BOOL_CONVERSION = YES;
				CLANG_WARN_COMMA = YES;
				CLANG_WARN_CONSTANT_CONVERSION = YES;
				CLANG_WARN_DEPRECATED_OBJC_IMPLEMENTATIONS = YES;
				CLANG_WARN_DIRECT_OBJC_ISA_USAGE = YES_ERROR;
				CLANG_WARN_DOCUMENTATION_COMMENTS = YES;
				CLANG_WARN_EMPTY_BODY = YES;
				CLANG_WARN_ENUM_CONVERSION = YES;
				CLANG_WARN_INFINITE_RECURSION = YES;
				CLANG_WARN_INT_CONVERSION = YES;
				CLANG_WARN_NON_LITERAL_NULL_CONVERSION = YES;
				CLANG_WARN_OBJC_IMPLICIT_RETAIN_SELF = YES;
				CLANG_WARN_OBJC_LITERAL_CONVERSION = YES;
				CLANG_WARN_OBJC_ROOT_CLASS = YES_ERROR;
				CLANG_WARN_QUOTED_INCLUDE_IN_FRAMEWORK_HEADER = YES;
				CLANG_WARN_RANGE_LOOP_ANALYSIS = YES;
				CLANG_WARN_STRICT_PROTOTYPES = YES;
				CLANG_WARN_SUSPICIOUS_MOVE = YES;
				CLANG_WARN_UNGUARDED_AVAILABILITY = YES_AGGRESSIVE;
				CLANG_WARN_UNREACHABLE_CODE = YES;
				CLANG_WARN__DUPLICATE_METHOD_MATCH = YES;
				COPY_PHASE_STRIP = NO;
				DEBUG_INFORMATION_FORMAT = "dwarf-with-dsym";
				ENABLE_NS_ASSERTIONS = NO;
				ENABLE_STRICT_OBJC_MSGSEND = YES;
				GCC_C_LANGUAGE_STANDARD = gnu11;
				GCC_NO_COMMON_BLOCKS = YES;
				GCC_WARN_64_TO_32_BIT_CONVERSION = YES;
				GCC_WARN_ABOUT_RETURN_TYPE = YES_ERROR;
				GCC_WARN_UNDECLARED_SELECTOR = YES;
				GCC_WARN_UNINITIALIZED_AUTOS = YES_AGGRESSIVE;
				GCC_WARN_UNUSED_FUNCTION = YES;
				GCC_WARN_UNUSED_VARIABLE = YES;
				MACOSX_DEPLOYMENT_TARGET = 10.15;
				MTL_ENABLE_DEBUG_INFO = NO;
				MTL_FAST_MATH = YES;
				SDKROOT = macosx;
			};
			name = Release;
		};
		E2A7B7FB255FE9950071C0DA /* Debug */ = {
			isa = XCBuildConfiguration;
			buildSettings = {
				CODE_SIGN_STYLE = Automatic;
				DEVELOPMENT_TEAM = QZPZJC3WF4;
				ENABLE_HARDENED_RUNTIME = YES;
				PRODUCT_NAME = "$(TARGET_NAME)";
			};
			name = Debug;
		};
		E2A7B7FC255FE9950071C0DA /* Release */ = {
			isa = XCBuildConfiguration;
			buildSettings = {
				CODE_SIGN_STYLE = Automatic;
				DEVELOPMENT_TEAM = QZPZJC3WF4;
				ENABLE_HARDENED_RUNTIME = YES;
				PRODUCT_NAME = "$(TARGET_NAME)";
			};
			name = Release;
		};
		E2A96A112566438E00FFE7BD /* Debug */ = {
			isa = XCBuildConfiguration;
			buildSettings = {
				CODE_SIGN_STYLE = Automatic;
				DEVELOPMENT_TEAM = QZPZJC3WF4;
				ENABLE_HARDENED_RUNTIME = YES;
				MACOSX_DEPLOYMENT_TARGET = 11.0;
				PRODUCT_NAME = "$(TARGET_NAME)";
			};
			name = Debug;
		};
		E2A96A122566438E00FFE7BD /* Release */ = {
			isa = XCBuildConfiguration;
			buildSettings = {
				CODE_SIGN_STYLE = Automatic;
				DEVELOPMENT_TEAM = QZPZJC3WF4;
				ENABLE_HARDENED_RUNTIME = YES;
				MACOSX_DEPLOYMENT_TARGET = 11.0;
				PRODUCT_NAME = "$(TARGET_NAME)";
			};
			name = Release;
		};
		E2A96A1F2566439800FFE7BD /* Debug */ = {
			isa = XCBuildConfiguration;
			buildSettings = {
				CODE_SIGN_STYLE = Automatic;
				DEVELOPMENT_TEAM = QZPZJC3WF4;
				ENABLE_HARDENED_RUNTIME = YES;
				MACOSX_DEPLOYMENT_TARGET = 11.0;
				PRODUCT_NAME = "$(TARGET_NAME)";
			};
			name = Debug;
		};
		E2A96A202566439800FFE7BD /* Release */ = {
			isa = XCBuildConfiguration;
			buildSettings = {
				CODE_SIGN_STYLE = Automatic;
				DEVELOPMENT_TEAM = QZPZJC3WF4;
				ENABLE_HARDENED_RUNTIME = YES;
				MACOSX_DEPLOYMENT_TARGET = 11.0;
				PRODUCT_NAME = "$(TARGET_NAME)";
			};
			name = Release;
		};
/* End XCBuildConfiguration section */

/* Begin XCConfigurationList section */
		E2976C3D255AAE20002FC84C /* Build configuration list for PBXProject "C" */ = {
			isa = XCConfigurationList;
			buildConfigurations = (
				E2976C47255AAE20002FC84C /* Debug */,
				E2976C48255AAE20002FC84C /* Release */,
			);
			defaultConfigurationIsVisible = 0;
			defaultConfigurationName = Release;
		};
		E2A7B7FD255FE9950071C0DA /* Build configuration list for PBXNativeTarget "ArrayList" */ = {
			isa = XCConfigurationList;
			buildConfigurations = (
				E2A7B7FB255FE9950071C0DA /* Debug */,
				E2A7B7FC255FE9950071C0DA /* Release */,
			);
			defaultConfigurationIsVisible = 0;
			defaultConfigurationName = Release;
		};
		E2A96A102566438E00FFE7BD /* Build configuration list for PBXNativeTarget "SinglyLinkedList" */ = {
			isa = XCConfigurationList;
			buildConfigurations = (
				E2A96A112566438E00FFE7BD /* Debug */,
				E2A96A122566438E00FFE7BD /* Release */,
			);
			defaultConfigurationIsVisible = 0;
			defaultConfigurationName = Release;
		};
		E2A96A1E2566439800FFE7BD /* Build configuration list for PBXNativeTarget "StackUsingArray" */ = {
			isa = XCConfigurationList;
			buildConfigurations = (
				E2A96A1F2566439800FFE7BD /* Debug */,
				E2A96A202566439800FFE7BD /* Release */,
			);
			defaultConfigurationIsVisible = 0;
			defaultConfigurationName = Release;
		};
/* End XCConfigurationList section */
	};
	rootObject = E2976C3A255AAE20002FC84C /* Project object */;
}
